
Microsoft Visual Studio Solution File, Format Version 12.00
# Visual Studio Version 17
VisualStudioVersion = 17.3.32819.101
MinimumVisualStudioVersion = 10.0.40219.1
Project("{9A19103F-16F7-4668-BE54-9A1E7A4F7556}") = "ReactiveWpf", "ReactiveWpf.csproj", "{D2CD0AE8-1235-48A3-A578-A88FA31F87D4}"
EndProject
Global
	GlobalSection(SolutionConfigurationPlatforms) = preSolution
		Debug|Any CPU = Debug|Any CPU
		Release|Any CPU = Release|Any CPU
	EndGlobalSection
	GlobalSection(ProjectConfigurationPlatforms) = postSolution
		{D2CD0AE8-1235-48A3-A578-A88FA31F87D4}.Debug|Any CPU.ActiveCfg = Debug|Any CPU
		{D2CD0AE8-1235-48A3-A578-A88FA31F87D4}.Debug|Any CPU.Build.0 = Debug|Any CPU
		{D2CD0AE8-1235-48A3-A578-A88FA31F87D4}.Release|Any CPU.ActiveCfg = Release|Any CPU
		{D2CD0AE8-1235-48A3-A578-A88FA31F87D4}.Release|Any CPU.Build.0 = Release|Any CPU
	EndGlobalSection
	GlobalSection(SolutionProperties) = preSolution
		HideSolutionNode = FALSE
	EndGlobalSection
	GlobalSection(ExtensibilityGlobals) = postSolution
		SolutionGuid = {EF24E89E-F0B2-4273-916A-8063444CF65C}
	EndGlobalSection
EndGlobal
