
Microsoft Visual Studio Solution File, Format Version 12.00
# Visual Studio Version 17
VisualStudioVersion = 17.3.32922.545
MinimumVisualStudioVersion = 10.0.40219.1
Project("{9A19103F-16F7-4668-BE54-9A1E7A4F7556}") = "XamarinSample.Android", "XamarinSample.Android\XamarinSample.Android.csproj", "{71BF6643-7C0C-4E00-9D8F-3931BB24DCB3}"
EndProject
Project("{9A19103F-16F7-4668-BE54-9A1E7A4F7556}") = "XamarinSample.iOS", "XamarinSample.iOS\XamarinSample.iOS.csproj", "{B36FAA95-FF1F-438C-AE51-6096B28741DA}"
EndProject
Project("{9A19103F-16F7-4668-BE54-9A1E7A4F7556}") = "XamarinSample", "XamarinSample\XamarinSample.csproj", "{FF4CE4BC-0EB3-4EA4-AD05-BC62125CF867}"
EndProject
Global
	GlobalSection(SolutionConfigurationPlatforms) = preSolution
		Debug|Any CPU = Debug|Any CPU
		Debug|iPhone = Debug|iPhone
		Debug|iPhoneSimulator = Debug|iPhoneSimulator
		Release|Any CPU = Release|Any CPU
		Release|iPhone = Release|iPhone
		Release|iPhoneSimulator = Release|iPhoneSimulator
	EndGlobalSection
	GlobalSection(ProjectConfigurationPlatforms) = postSolution
		{71BF6643-7C0C-4E00-9D8F-3931BB24DCB3}.Debug|Any CPU.ActiveCfg = Debug|Any CPU
		{71BF6643-7C0C-4E00-9D8F-3931BB24DCB3}.Debug|Any CPU.Build.0 = Debug|Any CPU
		{71BF6643-7C0C-4E00-9D8F-3931BB24DCB3}.Debug|Any CPU.Deploy.0 = Debug|Any CPU
		{71BF6643-7C0C-4E00-9D8F-3931BB24DCB3}.Debug|iPhone.ActiveCfg = Debug|Any CPU
		{71BF6643-7C0C-4E00-9D8F-3931BB24DCB3}.Debug|iPhone.Build.0 = Debug|Any CPU
		{71BF6643-7C0C-4E00-9D8F-3931BB24DCB3}.Debug|iPhone.Deploy.0 = Debug|Any CPU
		{71BF6643-7C0C-4E00-9D8F-3931BB24DCB3}.Debug|iPhoneSimulator.ActiveCfg = Debug|Any CPU
		{71BF6643-7C0C-4E00-9D8F-3931BB24DCB3}.Debug|iPhoneSimulator.Build.0 = Debug|Any CPU
		{71BF6643-7C0C-4E00-9D8F-3931BB24DCB3}.Debug|iPhoneSimulator.Deploy.0 = Debug|Any CPU
		{71BF6643-7C0C-4E00-9D8F-3931BB24DCB3}.Release|Any CPU.ActiveCfg = Release|Any CPU
		{71BF6643-7C0C-4E00-9D8F-3931BB24DCB3}.Release|Any CPU.Build.0 = Release|Any CPU
		{71BF6643-7C0C-4E00-9D8F-3931BB24DCB3}.Release|Any CPU.Deploy.0 = Release|Any CPU
		{71BF6643-7C0C-4E00-9D8F-3931BB24DCB3}.Release|iPhone.ActiveCfg = Release|Any CPU
		{71BF6643-7C0C-4E00-9D8F-3931BB24DCB3}.Release|iPhone.Build.0 = Release|Any CPU
		{71BF6643-7C0C-4E00-9D8F-3931BB24DCB3}.Release|iPhone.Deploy.0 = Release|Any CPU
		{71BF6643-7C0C-4E00-9D8F-3931BB24DCB3}.Release|iPhoneSimulator.ActiveCfg = Release|Any CPU
		{71BF6643-7C0C-4E00-9D8F-3931BB24DCB3}.Release|iPhoneSimulator.Build.0 = Release|Any CPU
		{71BF6643-7C0C-4E00-9D8F-3931BB24DCB3}.Release|iPhoneSimulator.Deploy.0 = Release|Any CPU
		{B36FAA95-FF1F-438C-AE51-6096B28741DA}.Debug|Any CPU.ActiveCfg = Debug|Any CPU
		{B36FAA95-FF1F-438C-AE51-6096B28741DA}.Debug|Any CPU.Build.0 = Debug|Any CPU
		{B36FAA95-FF1F-438C-AE51-6096B28741DA}.Debug|Any CPU.Deploy.0 = Debug|Any CPU
		{B36FAA95-FF1F-438C-AE51-6096B28741DA}.Debug|iPhone.ActiveCfg = Debug|iPhone
		{B36FAA95-FF1F-438C-AE51-6096B28741DA}.Debug|iPhone.Build.0 = Debug|iPhone
		{B36FAA95-FF1F-438C-AE51-6096B28741DA}.Debug|iPhone.Deploy.0 = Debug|iPhone
		{B36FAA95-FF1F-438C-AE51-6096B28741DA}.Debug|iPhoneSimulator.ActiveCfg = Debug|iPhoneSimulator
		{B36FAA95-FF1F-438C-AE51-6096B28741DA}.Debug|iPhoneSimulator.Build.0 = Debug|iPhoneSimulator
		{B36FAA95-FF1F-438C-AE51-6096B28741DA}.Debug|iPhoneSimulator.Deploy.0 = Debug|iPhoneSimulator
		{B36FAA95-FF1F-438C-AE51-6096B28741DA}.Release|Any CPU.ActiveCfg = Release|iPhoneSimulator
		{B36FAA95-FF1F-438C-AE51-6096B28741DA}.Release|Any CPU.Build.0 = Release|iPhoneSimulator
		{B36FAA95-FF1F-438C-AE51-6096B28741DA}.Release|Any CPU.Deploy.0 = Release|iPhoneSimulator
		{B36FAA95-FF1F-438C-AE51-6096B28741DA}.Release|iPhone.ActiveCfg = Release|iPhone
		{B36FAA95-FF1F-438C-AE51-6096B28741DA}.Release|iPhone.Build.0 = Release|iPhone
		{B36FAA95-FF1F-438C-AE51-6096B28741DA}.Release|iPhone.Deploy.0 = Release|iPhone
		{B36FAA95-FF1F-438C-AE51-6096B28741DA}.Release|iPhoneSimulator.ActiveCfg = Release|iPhoneSimulator
		{B36FAA95-FF1F-438C-AE51-6096B28741DA}.Release|iPhoneSimulator.Build.0 = Release|iPhoneSimulator
		{B36FAA95-FF1F-438C-AE51-6096B28741DA}.Release|iPhoneSimulator.Deploy.0 = Release|iPhoneSimulator
		{FF4CE4BC-0EB3-4EA4-AD05-BC62125CF867}.Debug|Any CPU.ActiveCfg = Debug|Any CPU
		{FF4CE4BC-0EB3-4EA4-AD05-BC62125CF867}.Debug|Any CPU.Build.0 = Debug|Any CPU
		{FF4CE4BC-0EB3-4EA4-AD05-BC62125CF867}.Debug|Any CPU.Deploy.0 = Debug|Any CPU
		{FF4CE4BC-0EB3-4EA4-AD05-BC62125CF867}.Debug|iPhone.ActiveCfg = Debug|Any CPU
		{FF4CE4BC-0EB3-4EA4-AD05-BC62125CF867}.Debug|iPhone.Build.0 = Debug|Any CPU
		{FF4CE4BC-0EB3-4EA4-AD05-BC62125CF867}.Debug|iPhone.Deploy.0 = Debug|Any CPU
		{FF4CE4BC-0EB3-4EA4-AD05-BC62125CF867}.Debug|iPhoneSimulator.ActiveCfg = Debug|Any CPU
		{FF4CE4BC-0EB3-4EA4-AD05-BC62125CF867}.Debug|iPhoneSimulator.Build.0 = Debug|Any CPU
		{FF4CE4BC-0EB3-4EA4-AD05-BC62125CF867}.Debug|iPhoneSimulator.Deploy.0 = Debug|Any CPU
		{FF4CE4BC-0EB3-4EA4-AD05-BC62125CF867}.Release|Any CPU.ActiveCfg = Release|Any CPU
		{FF4CE4BC-0EB3-4EA4-AD05-BC62125CF867}.Release|Any CPU.Build.0 = Release|Any CPU
		{FF4CE4BC-0EB3-4EA4-AD05-BC62125CF867}.Release|Any CPU.Deploy.0 = Release|Any CPU
		{FF4CE4BC-0EB3-4EA4-AD05-BC62125CF867}.Release|iPhone.ActiveCfg = Release|Any CPU
		{FF4CE4BC-0EB3-4EA4-AD05-BC62125CF867}.Release|iPhone.Build.0 = Release|Any CPU
		{FF4CE4BC-0EB3-4EA4-AD05-BC62125CF867}.Release|iPhone.Deploy.0 = Release|Any CPU
		{FF4CE4BC-0EB3-4EA4-AD05-BC62125CF867}.Release|iPhoneSimulator.ActiveCfg = Release|Any CPU
		{FF4CE4BC-0EB3-4EA4-AD05-BC62125CF867}.Release|iPhoneSimulator.Build.0 = Release|Any CPU
		{FF4CE4BC-0EB3-4EA4-AD05-BC62125CF867}.Release|iPhoneSimulator.Deploy.0 = Release|Any CPU
	EndGlobalSection
	GlobalSection(SolutionProperties) = preSolution
		HideSolutionNode = FALSE
	EndGlobalSection
	GlobalSection(ExtensibilityGlobals) = postSolution
		SolutionGuid = {E746D59C-6E57-4F2E-89A9-01A0DF7171AE}
	EndGlobalSection
EndGlobal
